<?xml version="1.0" encoding="utf-8"?>
<Project ToolsVersion="4.0" xmlns="http://schemas.microsoft.com/developer/msbuild/2003">
  <ItemGroup>
    <Filter Include="Source Files">
      <UniqueIdentifier>{4FC737F1-C7A5-4376-A066-2A32D752A2FF}</UniqueIdentifier>
      <Extensions>cpp;c;cc;cxx;c++;cppm;ixx;def;odl;idl;hpj;bat;asm;asmx</Extensions>
    </Filter>
    <Filter Include="Header Files">
      <UniqueIdentifier>{93995380-89BD-4b04-88EB-625FBE52EBFB}</UniqueIdentifier>
      <Extensions>h;hh;hpp;hxx;h++;hm;inl;inc;ipp;xsd</Extensions>
    </Filter>
    <Filter Include="Resource Files">
      <UniqueIdentifier>{67DA6AB6-F800-4c08-8B7A-83BB121AAD01}</UniqueIdentifier>
      <Extensions>rc;ico;cur;bmp;dlg;rc2;rct;bin;rgs;gif;jpg;jpeg;jpe;resx;tiff;tif;png;wav;mfcribbon-ms</Extensions>
    </Filter>
  </ItemGroup>
  <ItemGroup>
    <ClCompile Include="new-chess-in-cpp.cpp">
      <Filter>Source Files</Filter>
    </ClCompile>
    <ClCompile Include="Utils\PGNFormatter.cpp">
      <Filter>Source Files</Filter>
    </ClCompile>
    <ClCompile Include="Utils\versioncontrol.cpp">
      <Filter>Source Files</Filter>
    </ClCompile>
    <ClCompile Include="nnue-probe-master\src\misc.cpp">
      <Filter>Source Files</Filter>
    </ClCompile>
    <ClCompile Include="nnue-probe-master\src\nnue.cpp">
      <Filter>Source Files</Filter>
    </ClCompile>
    <ClCompile Include="Board\Attacks.cpp">
      <Filter>Source Files</Filter>
    </ClCompile>
    <ClCompile Include="Board\Board.cpp">
      <Filter>Source Files</Filter>
    </ClCompile>
    <ClCompile Include="Board\BoardManager.cpp">
      <Filter>Source Files</Filter>
    </ClCompile>
    <ClCompile Include="Board\filemanager.cpp">
      <Filter>Source Files</Filter>
    </ClCompile>
    <ClCompile Include="Board\MoveGenerator.cpp">
      <Filter>Source Files</Filter>
    </ClCompile>
    <ClCompile Include="Board\openingloader.cpp">
      <Filter>Source Files</Filter>
    </ClCompile>
    <ClCompile Include="Board\RepetitionTable.cpp">
      <Filter>Source Files</Filter>
    </ClCompile>
    <ClCompile Include="Board\resultmanager.cpp">
      <Filter>Source Files</Filter>
    </ClCompile>
    <ClCompile Include="Board\UCIParsing.cpp">
      <Filter>Source Files</Filter>
    </ClCompile>
    <ClCompile Include="Board\Zobrist.cpp">
      <Filter>Source Files</Filter>
    </ClCompile>
    <ClCompile Include="bots\improvedSearcher\Evaluation.cpp">
      <Filter>Source Files</Filter>
    </ClCompile>
    <ClCompile Include="bots\improvedSearcher\MoveOrdering.cpp">
      <Filter>Source Files</Filter>
    </ClCompile>
    <ClCompile Include="bots\improvedSearcher\Searcher.cpp">
      <Filter>Source Files</Filter>
    </ClCompile>
    <ClCompile Include="bots\oldSearcher\OldEvaluation.cpp">
      <Filter>Source Files</Filter>
    </ClCompile>
    <ClCompile Include="bots\oldSearcher\OldMoveOrdering.cpp">
      <Filter>Source Files</Filter>
    </ClCompile>
    <ClCompile Include="bots\oldSearcher\oldsearcher.cpp">
      <Filter>Source Files</Filter>
    </ClCompile>
    <ClCompile Include="bots\oldSearcher\oldworseevaluation.cpp">
      <Filter>Source Files</Filter>
    </ClCompile>
    <ClCompile Include="bots\improvedSearcher\WorseEvaluation.cpp">
      <Filter>Source Files</Filter>
    </ClCompile>
    <ClCompile Include="bots\improvedSearcher\TranspositionTable.cpp">
      <Filter>Source Files</Filter>
    </ClCompile>
    <ClCompile Include="bots\oldSearcher\OldTranspositionTable.cpp">
      <Filter>Source Files</Filter>
    </ClCompile>
    <ClCompile Include="bots\improvedSearcher\LMR.cpp">
      <Filter>Source Files</Filter>
    </ClCompile>
    <ClCompile Include="bots\oldSearcher\OldLMR.cpp">
      <Filter>Source Files</Filter>
    </ClCompile>
  </ItemGroup>
  <ItemGroup>
    <ClInclude Include="Utils\PGNFormatter.h">
      <Filter>Header Files</Filter>
    </ClInclude>
    <ClInclude Include="Utils\picosha2.h">
      <Filter>Header Files</Filter>
    </ClInclude>
    <ClInclude Include="Utils\versioncontrol.h">
      <Filter>Header Files</Filter>
    </ClInclude>
    <ClInclude Include="nnue-probe-master\src\misc.h">
      <Filter>Header Files</Filter>
    </ClInclude>
    <ClInclude Include="nnue-probe-master\src\nnue.h">
      <Filter>Header Files</Filter>
    </ClInclude>
    <ClInclude Include="Board\Attacks.h">
      <Filter>Header Files</Filter>
    </ClInclude>
    <ClInclude Include="Board\Board.h">
      <Filter>Header Files</Filter>
    </ClInclude>
    <ClInclude Include="Board\BoardManager.h">
      <Filter>Header Files</Filter>
    </ClInclude>
    <ClInclude Include="Board\BoardState.h">
      <Filter>Header Files</Filter>
    </ClInclude>
    <ClInclude Include="Board\filemanager.h">
      <Filter>Header Files</Filter>
    </ClInclude>
    <ClInclude Include="Board\Move.h">
      <Filter>Header Files</Filter>
    </ClInclude>
    <ClInclude Include="Board\MoveGenerator.h">
      <Filter>Header Files</Filter>
    </ClInclude>
    <ClInclude Include="Board\MoveList.h">
      <Filter>Header Files</Filter>
    </ClInclude>
    <ClInclude Include="Board\openingloader.h">
      <Filter>Header Files</Filter>
    </ClInclude>
    <ClInclude Include="Board\RepetitionTable.h">
      <Filter>Header Files</Filter>
    </ClInclude>
    <ClInclude Include="Board\ResultManager.h">
      <Filter>Header Files</Filter>
    </ClInclude>
    <ClInclude Include="Board\UCIParsing.h">
      <Filter>Header Files</Filter>
    </ClInclude>
    <ClInclude Include="Board\Utils.h">
      <Filter>Header Files</Filter>
    </ClInclude>
    <ClInclude Include="Board\Zobrist.h">
      <Filter>Header Files</Filter>
    </ClInclude>
    <ClInclude Include="bots\improvedSearcher\Evaluation.h">
      <Filter>Header Files</Filter>
    </ClInclude>
    <ClInclude Include="bots\improvedSearcher\MoveOrdering.h">
      <Filter>Header Files</Filter>
    </ClInclude>
    <ClInclude Include="bots\improvedSearcher\Searcher.h">
      <Filter>Header Files</Filter>
    </ClInclude>
    <ClInclude Include="bots\improvedSearcher\SearcherSettings.h">
      <Filter>Header Files</Filter>
    </ClInclude>
    <ClInclude Include="bots\improvedSearcher\WorseEvaluation.h">
      <Filter>Header Files</Filter>
    </ClInclude>
    <ClInclude Include="bots\oldSearcher\OldEvaluation.h">
      <Filter>Header Files</Filter>
    </ClInclude>
    <ClInclude Include="bots\oldSearcher\OldMoveOrdering.h">
      <Filter>Header Files</Filter>
    </ClInclude>
    <ClInclude Include="bots\oldSearcher\oldsearcher.h">
      <Filter>Header Files</Filter>
    </ClInclude>
    <ClInclude Include="Utils\Settings.h">
      <Filter>Header Files</Filter>
    </ClInclude>
    <ClInclude Include="bots\oldSearcher\oldworseevaluation.h">
      <Filter>Header Files</Filter>
    </ClInclude>
    <ClInclude Include="Board\ISearcher.h">
      <Filter>Header Files</Filter>
    </ClInclude>
    <ClInclude Include="bots\improvedSearcher\TranspositionTable.h">
      <Filter>Header Files</Filter>
    </ClInclude>
    <ClInclude Include="bots\oldSearcher\OldTranspotitionTable.h">
      <Filter>Header Files</Filter>
    </ClInclude>
    <ClInclude Include="bots\improvedSearcher\LMR.h">
      <Filter>Header Files</Filter>
    </ClInclude>
    <ClInclude Include="bots\oldSearcher\OldLMR.h">
      <Filter>Header Files</Filter>
    </ClInclude>
  </ItemGroup>
</Project>